
Microsoft Visual Studio Solution File, Format Version 12.00
# Visual Studio Version 16
VisualStudioVersion = 16.0.32126.315
MinimumVisualStudioVersion = 10.0.40219.1
Project("{9A19103F-16F7-4668-BE54-9A1E7A4F7556}") = "Class and Struct", "Class and Struct\Class and Struct.csproj", "{D1785E8E-C2DF-4603-AD06-80E9FD487580}"
EndProject
Project("{9A19103F-16F7-4668-BE54-9A1E7A4F7556}") = "6.3", "..\6.3\6.3\6.3.csproj", "{F876CF5C-9C35-4674-9FA4-A507E8872F09}"
EndProject
Project("{FAE04EC0-301F-11D3-BF4B-00C04F79EFBC}") = "6.6.1_TrafficLight", "6.6.1_TrafficLight\6.6.1_TrafficLight.csproj", "{943670BE-7CC0-49B9-95A2-E3B0DA441240}"
EndProject
Global
	GlobalSection(SolutionConfigurationPlatforms) = preSolution
		Debug|Any CPU = Debug|Any CPU
		Release|Any CPU = Release|Any CPU
	EndGlobalSection
	GlobalSection(ProjectConfigurationPlatforms) = postSolution
		{D1785E8E-C2DF-4603-AD06-80E9FD487580}.Debug|Any CPU.ActiveCfg = Debug|Any CPU
		{D1785E8E-C2DF-4603-AD06-80E9FD487580}.Debug|Any CPU.Build.0 = Debug|Any CPU
		{D1785E8E-C2DF-4603-AD06-80E9FD487580}.Release|Any CPU.ActiveCfg = Release|Any CPU
		{D1785E8E-C2DF-4603-AD06-80E9FD487580}.Release|Any CPU.Build.0 = Release|Any CPU
		{F876CF5C-9C35-4674-9FA4-A507E8872F09}.Debug|Any CPU.ActiveCfg = Debug|Any CPU
		{F876CF5C-9C35-4674-9FA4-A507E8872F09}.Debug|Any CPU.Build.0 = Debug|Any CPU
		{F876CF5C-9C35-4674-9FA4-A507E8872F09}.Release|Any CPU.ActiveCfg = Release|Any CPU
		{F876CF5C-9C35-4674-9FA4-A507E8872F09}.Release|Any CPU.Build.0 = Release|Any CPU
		{943670BE-7CC0-49B9-95A2-E3B0DA441240}.Debug|Any CPU.ActiveCfg = Debug|Any CPU
		{943670BE-7CC0-49B9-95A2-E3B0DA441240}.Debug|Any CPU.Build.0 = Debug|Any CPU
		{943670BE-7CC0-49B9-95A2-E3B0DA441240}.Release|Any CPU.ActiveCfg = Release|Any CPU
		{943670BE-7CC0-49B9-95A2-E3B0DA441240}.Release|Any CPU.Build.0 = Release|Any CPU
	EndGlobalSection
	GlobalSection(SolutionProperties) = preSolution
		HideSolutionNode = FALSE
	EndGlobalSection
	GlobalSection(ExtensibilityGlobals) = postSolution
		SolutionGuid = {E580E123-859A-4853-8D1D-16EE0BC9C7F9}
	EndGlobalSection
EndGlobal
